<Solution>
  <Folder Name="/src/">
    <Project Path="src/WowAhPlanner.Core/WowAhPlanner.Core.csproj" />
    <Project Path="src/WowAhPlanner.Infrastructure/WowAhPlanner.Infrastructure.csproj" />
    <Project Path="src/WowAhPlanner.Web/WowAhPlanner.Web.csproj" />
  </Folder>
  <Folder Name="/tests/">
    <Project Path="tests/WowAhPlanner.Tests/WowAhPlanner.Tests.csproj" />
  </Folder>
</Solution>
